// !$*UTF8*$!
{
	archiveVersion = 1;
	classes = {
	};
	objectVersion = 46;
	objects = {

/* Begin PBXBuildFile section */
		9BDE30301E310F5900824042 /* AppDelegate.swift in Sources */ = {isa = PBXBuildFile; fileRef = 9BDE302F1E310F5800824042 /* AppDelegate.swift */; };
		9BDE30321E310F5A00824042 /* ViewController.swift in Sources */ = {isa = PBXBuildFile; fileRef = 9BDE30311E310F5A00824042 /* ViewController.swift */; };
		9BDE30351E310F5A00824042 /* Main.storyboard in Resources */ = {isa = PBXBuildFile; fileRef = 9BDE30331E310F5A00824042 /* Main.storyboard */; };
		9BDE30371E310F5A00824042 /* Assets.xcassets in Resources */ = {isa = PBXBuildFile; fileRef = 9BDE30361E310F5A00824042 /* Assets.xcassets */; };
		9BDE303A1E310F5A00824042 /* LaunchScreen.storyboard in Resources */ = {isa = PBXBuildFile; fileRef = 9BDE30381E310F5A00824042 /* LaunchScreen.storyboard */; };
		9BDE30451E310F5A00824042 /* swiftyjsonTests.swift in Sources */ = {isa = PBXBuildFile; fileRef = 9BDE30441E310F5A00824042 /* swiftyjsonTests.swift */; };
		9BDE30501E310F5B00824042 /* swiftyjsonUITests.swift in Sources */ = {isa = PBXBuildFile; fileRef = 9BDE304F1E310F5B00824042 /* swiftyjsonUITests.swift */; };
		9BDE305E1E310FB800824042 /* SwiftyJSON.swift in Sources */ = {isa = PBXBuildFile; fileRef = 9BDE305D1E310FB800824042 /* SwiftyJSON.swift */; };
		9BDE30601E31101200824042 /* RestApiManager.swift in Sources */ = {isa = PBXBuildFile; fileRef = 9BDE305F1E31101200824042 /* RestApiManager.swift */; };
/* End PBXBuildFile section */

/* Begin PBXContainerItemProxy section */
		9BDE30411E310F5A00824042 /* PBXContainerItemProxy */ = {
			isa = PBXContainerItemProxy;
			containerPortal = 9BDE30241E310F5500824042 /* Project object */;
			proxyType = 1;
			remoteGlobalIDString = 9BDE302B1E310F5600824042;
			remoteInfo = swiftyjson;
		};
		9BDE304C1E310F5A00824042 /* PBXContainerItemProxy */ = {
			isa = PBXContainerItemProxy;
			containerPortal = 9BDE30241E310F5500824042 /* Project object */;
			proxyType = 1;
			remoteGlobalIDString = 9BDE302B1E310F5600824042;
			remoteInfo = swiftyjson;
		};
/* End PBXContainerItemProxy section */

/* Begin PBXFileReference section */
		9BDE302C1E310F5600824042 /* swiftyjson.app */ = {isa = PBXFileReference; explicitFileType = wrapper.application; includeInIndex = 0; path = swiftyjson.app; sourceTree = BUILT_PRODUCTS_DIR; };
		9BDE302F1E310F5800824042 /* AppDelegate.swift */ = {isa = PBXFileReference; lastKnownFileType = sourcecode.swift; path = AppDelegate.swift; sourceTree = "<group>"; };
		9BDE30311E310F5A00824042 /* ViewController.swift */ = {isa = PBXFileReference; lastKnownFileType = sourcecode.swift; path = ViewController.swift; sourceTree = "<group>"; };
		9BDE30341E310F5A00824042 /* Base */ = {isa = PBXFileReference; lastKnownFileType = file.storyboard; name = Base; path = Base.lproj/Main.storyboard; sourceTree = "<group>"; };
		9BDE30361E310F5A00824042 /* Assets.xcassets */ = {isa = PBXFileReference; lastKnownFileType = folder.assetcatalog; path = Assets.xcassets; sourceTree = "<group>"; };
		9BDE30391E310F5A00824042 /* Base */ = {isa = PBXFileReference; lastKnownFileType = file.storyboard; name = Base; path = Base.lproj/LaunchScreen.storyboard; sourceTree = "<group>"; };
		9BDE303B1E310F5A00824042 /* Info.plist */ = {isa = PBXFileReference; lastKnownFileType = text.plist.xml; path = Info.plist; sourceTree = "<group>"; };
		9BDE30401E310F5A00824042 /* swiftyjsonTests.xctest */ = {isa = PBXFileReference; explicitFileType = wrapper.cfbundle; includeInIndex = 0; path = swiftyjsonTests.xctest; sourceTree = BUILT_PRODUCTS_DIR; };
		9BDE30441E310F5A00824042 /* swiftyjsonTests.swift */ = {isa = PBXFileReference; lastKnownFileType = sourcecode.swift; path = swiftyjsonTests.swift; sourceTree = "<group>"; };
		9BDE30461E310F5A00824042 /* Info.plist */ = {isa = PBXFileReference; lastKnownFileType = text.plist.xml; path = Info.plist; sourceTree = "<group>"; };
		9BDE304B1E310F5A00824042 /* swiftyjsonUITests.xctest */ = {isa = PBXFileReference; explicitFileType = wrapper.cfbundle; includeInIndex = 0; path = swiftyjsonUITests.xctest; sourceTree = BUILT_PRODUCTS_DIR; };
		9BDE304F1E310F5B00824042 /* swiftyjsonUITests.swift */ = {isa = PBXFileReference; lastKnownFileType = sourcecode.swift; path = swiftyjsonUITests.swift; sourceTree = "<group>"; };
		9BDE30511E310F5B00824042 /* Info.plist */ = {isa = PBXFileReference; lastKnownFileType = text.plist.xml; path = Info.plist; sourceTree = "<group>"; };
		9BDE305D1E310FB800824042 /* SwiftyJSON.swift */ = {isa = PBXFileReference; fileEncoding = 4; lastKnownFileType = sourcecode.swift; path = SwiftyJSON.swift; sourceTree = "<group>"; };
		9BDE305F1E31101200824042 /* RestApiManager.swift */ = {isa = PBXFileReference; fileEncoding = 4; lastKnownFileType = sourcecode.swift; path = RestApiManager.swift; sourceTree = "<group>"; };
/* End PBXFileReference section */

/* Begin PBXFrameworksBuildPhase section */
		9BDE30291E310F5600824042 /* Frameworks */ = {
			isa = PBXFrameworksBuildPhase;
			buildActionMask = 2147483647;
			files = (
			);
			runOnlyForDeploymentPostprocessing = 0;
		};
		9BDE303D1E310F5A00824042 /* Frameworks */ = {
			isa = PBXFrameworksBuildPhase;
			buildActionMask = 2147483647;
			files = (
			);
			runOnlyForDeploymentPostprocessing = 0;
		};
		9BDE30481E310F5A00824042 /* Frameworks */ = {
			isa = PBXFrameworksBuildPhase;
			buildActionMask = 2147483647;
			files = (
			);
			runOnlyForDeploymentPostprocessing = 0;
		};
/* End PBXFrameworksBuildPhase section */

/* Begin PBXGroup section */
		9BDE30231E310F5400824042 = {
			isa = PBXGroup;
			children = (
				9BDE302E1E310F5700824042 /* swiftyjson */,
				9BDE30431E310F5A00824042 /* swiftyjsonTests */,
				9BDE304E1E310F5B00824042 /* swiftyjsonUITests */,
				9BDE302D1E310F5600824042 /* Products */,
			);
			sourceTree = "<group>";
		};
		9BDE302D1E310F5600824042 /* Products */ = {
			isa = PBXGroup;
			children = (
				9BDE302C1E310F5600824042 /* swiftyjson.app */,
				9BDE30401E310F5A00824042 /* swiftyjsonTests.xctest */,
				9BDE304B1E310F5A00824042 /* swiftyjsonUITests.xctest */,
			);
			name = Products;
			sourceTree = "<group>";
		};
		9BDE302E1E310F5700824042 /* swiftyjson */ = {
			isa = PBXGroup;
			children = (
				9BDE305D1E310FB800824042 /* SwiftyJSON.swift */,
				9BDE302F1E310F5800824042 /* AppDelegate.swift */,
				9BDE30311E310F5A00824042 /* ViewController.swift */,
				9BDE30331E310F5A00824042 /* Main.storyboard */,
				9BDE30361E310F5A00824042 /* Assets.xcassets */,
				9BDE30381E310F5A00824042 /* LaunchScreen.storyboard */,
				9BDE303B1E310F5A00824042 /* Info.plist */,
				9BDE305F1E31101200824042 /* RestApiManager.swift */,
			);
			path = swiftyjson;
			sourceTree = "<group>";
		};
		9BDE30431E310F5A00824042 /* swiftyjsonTests */ = {
			isa = PBXGroup;
			children = (
				9BDE30441E310F5A00824042 /* swiftyjsonTests.swift */,
				9BDE30461E310F5A00824042 /* Info.plist */,
			);
			path = swiftyjsonTests;
			sourceTree = "<group>";
		};
		9BDE304E1E310F5B00824042 /* swiftyjsonUITests */ = {
			isa = PBXGroup;
			children = (
				9BDE304F1E310F5B00824042 /* swiftyjsonUITests.swift */,
				9BDE30511E310F5B00824042 /* Info.plist */,
			);
			path = swiftyjsonUITests;
			sourceTree = "<group>";
		};
/* End PBXGroup section */

/* Begin PBXNativeTarget section */
		9BDE302B1E310F5600824042 /* swiftyjson */ = {
			isa = PBXNativeTarget;
			buildConfigurationList = 9BDE30541E310F5B00824042 /* Build configuration list for PBXNativeTarget "swiftyjson" */;
			buildPhases = (
				9BDE30281E310F5600824042 /* Sources */,
				9BDE30291E310F5600824042 /* Frameworks */,
				9BDE302A1E310F5600824042 /* Resources */,
			);
			buildRules = (
			);
			dependencies = (
			);
			name = swiftyjson;
			productName = swiftyjson;
			productReference = 9BDE302C1E310F5600824042 /* swiftyjson.app */;
			productType = "com.apple.product-type.application";
		};
		9BDE303F1E310F5A00824042 /* swiftyjsonTests */ = {
			isa = PBXNativeTarget;
			buildConfigurationList = 9BDE30571E310F5B00824042 /* Build configuration list for PBXNativeTarget "swiftyjsonTests" */;
			buildPhases = (
				9BDE303C1E310F5A00824042 /* Sources */,
				9BDE303D1E310F5A00824042 /* Frameworks */,
				9BDE303E1E310F5A00824042 /* Resources */,
			);
			buildRules = (
			);
			dependencies = (
				9BDE30421E310F5A00824042 /* PBXTargetDependency */,
			);
			name = swiftyjsonTests;
			productName = swiftyjsonTests;
			productReference = 9BDE30401E310F5A00824042 /* swiftyjsonTests.xctest */;
			productType = "com.apple.product-type.bundle.unit-test";
		};
		9BDE304A1E310F5A00824042 /* swiftyjsonUITests */ = {
			isa = PBXNativeTarget;
			buildConfigurationList = 9BDE305A1E310F5B00824042 /* Build configuration list for PBXNativeTarget "swiftyjsonUITests" */;
			buildPhases = (
				9BDE30471E310F5A00824042 /* Sources */,
				9BDE30481E310F5A00824042 /* Frameworks */,
				9BDE30491E310F5A00824042 /* Resources */,
			);
			buildRules = (
			);
			dependencies = (
				9BDE304D1E310F5A00824042 /* PBXTargetDependency */,
			);
			name = swiftyjsonUITests;
			productName = swiftyjsonUITests;
			productReference = 9BDE304B1E310F5A00824042 /* swiftyjsonUITests.xctest */;
			productType = "com.apple.product-type.bundle.ui-testing";
		};
/* End PBXNativeTarget section */

/* Begin PBXProject section */
		9BDE30241E310F5500824042 /* Project object */ = {
			isa = PBXProject;
			attributes = {
				LastSwiftUpdateCheck = 0820;
				LastUpgradeCheck = 0820;
				ORGANIZATIONNAME = kvanadev5;
				TargetAttributes = {
					9BDE302B1E310F5600824042 = {
						CreatedOnToolsVersion = 8.2.1;
						DevelopmentTeam = AX766J88NA;
						ProvisioningStyle = Automatic;
					};
					9BDE303F1E310F5A00824042 = {
						CreatedOnToolsVersion = 8.2.1;
						DevelopmentTeam = AX766J88NA;
						ProvisioningStyle = Automatic;
						TestTargetID = 9BDE302B1E310F5600824042;
					};
					9BDE304A1E310F5A00824042 = {
						CreatedOnToolsVersion = 8.2.1;
						DevelopmentTeam = AX766J88NA;
						ProvisioningStyle = Automatic;
						TestTargetID = 9BDE302B1E310F5600824042;
					};
				};
			};
			buildConfigurationList = 9BDE30271E310F5500824042 /* Build configuration list for PBXProject "swiftyjson" */;
			compatibilityVersion = "Xcode 3.2";
			developmentRegion = English;
			hasScannedForEncodings = 0;
			knownRegions = (
				en,
				Base,
			);
			mainGroup = 9BDE30231E310F5400824042;
			productRefGroup = 9BDE302D1E310F5600824042 /* Products */;
			projectDirPath = "";
			projectRoot = "";
			targets = (
				9BDE302B1E310F5600824042 /* swiftyjson */,
				9BDE303F1E310F5A00824042 /* swiftyjsonTests */,
				9BDE304A1E310F5A00824042 /* swiftyjsonUITests */,
			);
		};
/* End PBXProject section */

/* Begin PBXResourcesBuildPhase section */
		9BDE302A1E310F5600824042 /* Resources */ = {
			isa = PBXResourcesBuildPhase;
			buildActionMask = 2147483647;
			files = (
				9BDE303A1E310F5A00824042 /* LaunchScreen.storyboard in Resources */,
				9BDE30371E310F5A00824042 /* Assets.xcassets in Resources */,
				9BDE30351E310F5A00824042 /* Main.storyboard in Resources */,
			);
			runOnlyForDeploymentPostprocessing = 0;
		};
		9BDE303E1E310F5A00824042 /* Resources */ = {
			isa = PBXResourcesBuildPhase;
			buildActionMask = 2147483647;
			files = (
			);
			runOnlyForDeploymentPostprocessing = 0;
		};
		9BDE30491E310F5A00824042 /* Resources */ = {
			isa = PBXResourcesBuildPhase;
			buildActionMask = 2147483647;
			files = (
			);
			runOnlyForDeploymentPostprocessing = 0;
		};
/* End PBXResourcesBuildPhase section */

/* Begin PBXSourcesBuildPhase section */
		9BDE30281E310F5600824042 /* Sources */ = {
			isa = PBXSourcesBuildPhase;
			buildActionMask = 2147483647;
			files = (
				9BDE305E1E310FB800824042 /* SwiftyJSON.swift in Sources */,
				9BDE30321E310F5A00824042 /* ViewController.swift in Sources */,
				9BDE30601E31101200824042 /* RestApiManager.swift in Sources */,
				9BDE30301E310F5900824042 /* AppDelegate.swift in Sources */,
			);
			runOnlyForDeploymentPostprocessing = 0;
		};
		9BDE303C1E310F5A00824042 /* Sources */ = {
			isa = PBXSourcesBuildPhase;
			buildActionMask = 2147483647;
			files = (
				9BDE30451E310F5A00824042 /* swiftyjsonTests.swift in Sources */,
			);
			runOnlyForDeploymentPostprocessing = 0;
		};
		9BDE30471E310F5A00824042 /* Sources */ = {
			isa = PBXSourcesBuildPhase;
			buildActionMask = 2147483647;
			files = (
				9BDE30501E310F5B00824042 /* swiftyjsonUITests.swift in Sources */,
			);
			runOnlyForDeploymentPostprocessing = 0;
		};
/* End PBXSourcesBuildPhase section */

/* Begin PBXTargetDependency section */
		9BDE30421E310F5A00824042 /* PBXTargetDependency */ = {
			isa = PBXTargetDependency;
			target = 9BDE302B1E310F5600824042 /* swiftyjson */;
			targetProxy = 9BDE30411E310F5A00824042 /* PBXContainerItemProxy */;
		};
		9BDE304D1E310F5A00824042 /* PBXTargetDependency */ = {
			isa = PBXTargetDependency;
			target = 9BDE302B1E310F5600824042 /* swiftyjson */;
			targetProxy = 9BDE304C1E310F5A00824042 /* PBXContainerItemProxy */;
		};
/* End PBXTargetDependency section */

/* Begin PBXVariantGroup section */
		9BDE30331E310F5A00824042 /* Main.storyboard */ = {
			isa = PBXVariantGroup;
			children = (
				9BDE30341E310F5A00824042 /* Base */,
			);
			name = Main.storyboard;
			sourceTree = "<group>";
		};
		9BDE30381E310F5A00824042 /* LaunchScreen.storyboard */ = {
			isa = PBXVariantGroup;
			children = (
				9BDE30391E310F5A00824042 /* Base */,
			);
			name = LaunchScreen.storyboard;
			sourceTree = "<group>";
		};
/* End PBXVariantGroup section */

/* Begin XCBuildConfiguration section */
		9BDE30521E310F5B00824042 /* Debug */ = {
			isa = XCBuildConfiguration;
			buildSettings = {
				ALWAYS_SEARCH_USER_PATHS = NO;
				CLANG_ANALYZER_NONNULL = YES;
				CLANG_CXX_LANGUAGE_STANDARD = "gnu++0x";
				CLANG_CXX_LIBRARY = "libc++";
				CLANG_ENABLE_MODULES = YES;
				CLANG_ENABLE_OBJC_ARC = YES;
				CLANG_WARN_BOOL_CONVERSION = YES;
				CLANG_WARN_CONSTANT_CONVERSION = YES;
				CLANG_WARN_DIRECT_OBJC_ISA_USAGE = YES_ERROR;
				CLANG_WARN_DOCUMENTATION_COMMENTS = YES;
				CLANG_WARN_EMPTY_BODY = YES;
				CLANG_WARN_ENUM_CONVERSION = YES;
				CLANG_WARN_INFINITE_RECURSION = YES;
				CLANG_WARN_INT_CONVERSION = YES;
				CLANG_WARN_OBJC_ROOT_CLASS = YES_ERROR;
				CLANG_WARN_SUSPICIOUS_MOVE = YES;
				CLANG_WARN_UNREACHABLE_CODE = YES;
				CLANG_WARN__DUPLICATE_METHOD_MATCH = YES;
				"CODE_SIGN_IDENTITY[sdk=iphoneos*]" = "iPhone Developer";
				COPY_PHASE_STRIP = NO;
				DEBUG_INFORMATION_FORMAT = dwarf;
				ENABLE_STRICT_OBJC_MSGSEND = YES;
				ENABLE_TESTABILITY = YES;
				GCC_C_LANGUAGE_STANDARD = gnu99;
				GCC_DYNAMIC_NO_PIC = NO;
				GCC_NO_COMMON_BLOCKS = YES;
				GCC_OPTIMIZATION_LEVEL = 0;
				GCC_PREPROCESSOR_DEFINITIONS = (
					"DEBUG=1",
					"$(inherited)",
				);
				GCC_WARN_64_TO_32_BIT_CONVERSION = YES;
				GCC_WARN_ABOUT_RETURN_TYPE = YES_ERROR;
				GCC_WARN_UNDECLARED_SELECTOR = YES;
				GCC_WARN_UNINITIALIZED_AUTOS = YES_AGGRESSIVE;
				GCC_WARN_UNUSED_FUNCTION = YES;
				GCC_WARN_UNUSED_VARIABLE = YES;
				IPHONEOS_DEPLOYMENT_TARGET = 10.2;
				MTL_ENABLE_DEBUG_INFO = YES;
				ONLY_ACTIVE_ARCH = YES;
				SDKROOT = iphoneos;
				SWIFT_ACTIVE_COMPILATION_CONDITIONS = DEBUG;
				SWIFT_OPTIMIZATION_LEVEL = "-Onone";
				TARGETED_DEVICE_FAMILY = "1,2";
			};
			name = Debug;
		};
		9BDE30531E310F5B00824042 /* Release */ = {
			isa = XCBuildConfiguration;
			buildSettings = {
				ALWAYS_SEARCH_USER_PATHS = NO;
				CLANG_ANALYZER_NONNULL = YES;
				CLANG_CXX_LANGUAGE_STANDARD = "gnu++0x";
				CLANG_CXX_LIBRARY = "libc++";
				CLANG_ENABLE_MODULES = YES;
				CLANG_ENABLE_OBJC_ARC = YES;
				CLANG_WARN_BOOL_CONVERSION = YES;
				CLANG_WARN_CONSTANT_CONVERSION = YES;
				CLANG_WARN_DIRECT_OBJC_ISA_USAGE = YES_ERROR;
				CLANG_WARN_DOCUMENTATION_COMMENTS = YES;
				CLANG_WARN_EMPTY_BODY = YES;
				CLANG_WARN_ENUM_CONVERSION = YES;
				CLANG_WARN_INFINITE_RECURSION = YES;
				CLANG_WARN_INT_CONVERSION = YES;
				CLANG_WARN_OBJC_ROOT_CLASS = YES_ERROR;
				CLANG_WARN_SUSPICIOUS_MOVE = YES;
				CLANG_WARN_UNREACHABLE_CODE = YES;
				CLANG_WARN__DUPLICATE_METHOD_MATCH = YES;
				"CODE_SIGN_IDENTITY[sdk=iphoneos*]" = "iPhone Developer";
				COPY_PHASE_STRIP = NO;
				DEBUG_INFORMATION_FORMAT = "dwarf-with-dsym";
				ENABLE_NS_ASSERTIONS = NO;
				ENABLE_STRICT_OBJC_MSGSEND = YES;
				GCC_C_LANGUAGE_STANDARD = gnu99;
				GCC_NO_COMMON_BLOCKS = YES;
				GCC_WARN_64_TO_32_BIT_CONVERSION = YES;
				GCC_WARN_ABOUT_RETURN_TYPE = YES_ERROR;
				GCC_WARN_UNDECLARED_SELECTOR = YES;
				GCC_WARN_UNINITIALIZED_AUTOS = YES_AGGRESSIVE;
				GCC_WARN_UNUSED_FUNCTION = YES;
				GCC_WARN_UNUSED_VARIABLE = YES;
				IPHONEOS_DEPLOYMENT_TARGET = 10.2;
				MTL_ENABLE_DEBUG_INFO = NO;
				SDKROOT = iphoneos;
				SWIFT_OPTIMIZATION_LEVEL = "-Owholemodule";
				TARGETED_DEVICE_FAMILY = "1,2";
				VALIDATE_PRODUCT = YES;
			};
			name = Release;
		};
		9BDE30551E310F5B00824042 /* Debug */ = {
			isa = XCBuildConfiguration;
			buildSettings = {
				ASSETCATALOG_COMPILER_APPICON_NAME = AppIcon;
				DEVELOPMENT_TEAM = AX766J88NA;
				INFOPLIST_FILE = swiftyjson/Info.plist;
				IPHONEOS_DEPLOYMENT_TARGET = 9.0;
				LD_RUNPATH_SEARCH_PATHS = "$(inherited) @executable_path/Frameworks";
				PRODUCT_BUNDLE_IDENTIFIER = kvana.swiftyjson;
				PRODUCT_NAME = "$(TARGET_NAME)";
				SWIFT_VERSION = 3.0;
			};
			name = Debug;
		};
		9BDE30561E310F5B00824042 /* Release */ = {
			isa = XCBuildConfiguration;
			buildSettings = {
				ASSETCATALOG_COMPILER_APPICON_NAME = AppIcon;
				DEVELOPMENT_TEAM = AX766J88NA;
				INFOPLIST_FILE = swiftyjson/Info.plist;
				IPHONEOS_DEPLOYMENT_TARGET = 9.0;
				LD_RUNPATH_SEARCH_PATHS = "$(inherited) @executable_path/Frameworks";
				PRODUCT_BUNDLE_IDENTIFIER = kvana.swiftyjson;
				PRODUCT_NAME = "$(TARGET_NAME)";
				SWIFT_VERSION = 3.0;
			};
			name = Release;
		};
		9BDE30581E310F5B00824042 /* Debug */ = {
			isa = XCBuildConfiguration;
			buildSettings = {
				ALWAYS_EMBED_SWIFT_STANDARD_LIBRARIES = YES;
				BUNDLE_LOADER = "$(TEST_HOST)";
				DEVELOPMENT_TEAM = AX766J88NA;
				INFOPLIST_FILE = swiftyjsonTests/Info.plist;
				LD_RUNPATH_SEARCH_PATHS = "$(inherited) @executable_path/Frameworks @loader_path/Frameworks";
				PRODUCT_BUNDLE_IDENTIFIER = kvana.swiftyjsonTests;
				PRODUCT_NAME = "$(TARGET_NAME)";
				SWIFT_VERSION = 3.0;
				TEST_HOST = "$(BUILT_PRODUCTS_DIR)/swiftyjson.app/swiftyjson";
			};
			name = Debug;
		};
		9BDE30591E310F5B00824042 /* Release */ = {
			isa = XCBuildConfiguration;
			buildSettings = {
				ALWAYS_EMBED_SWIFT_STANDARD_LIBRARIES = YES;
				BUNDLE_LOADER = "$(TEST_HOST)";
				DEVELOPMENT_TEAM = AX766J88NA;
				INFOPLIST_FILE = swiftyjsonTests/Info.plist;
				LD_RUNPATH_SEARCH_PATHS = "$(inherited) @executable_path/Frameworks @loader_path/Frameworks";
				PRODUCT_BUNDLE_IDENTIFIER = kvana.swiftyjsonTests;
				PRODUCT_NAME = "$(TARGET_NAME)";
				SWIFT_VERSION = 3.0;
				TEST_HOST = "$(BUILT_PRODUCTS_DIR)/swiftyjson.app/swiftyjson";
			};
			name = Release;
		};
		9BDE305B1E310F5B00824042 /* Debug */ = {
			isa = XCBuildConfiguration;
			buildSettings = {
				ALWAYS_EMBED_SWIFT_STANDARD_LIBRARIES = YES;
				DEVELOPMENT_TEAM = AX766J88NA;
				INFOPLIST_FILE = swiftyjsonUITests/Info.plist;
				LD_RUNPATH_SEARCH_PATHS = "$(inherited) @executable_path/Frameworks @loader_path/Frameworks";
				PRODUCT_BUNDLE_IDENTIFIER = kvana.swiftyjsonUITests;
				PRODUCT_NAME = "$(TARGET_NAME)";
				SWIFT_VERSION = 3.0;
				TEST_TARGET_NAME = swiftyjson;
			};
			name = Debug;
		};
		9BDE305C1E310F5B00824042 /* Release */ = {
			isa = XCBuildConfiguration;
			buildSettings = {
				ALWAYS_EMBED_SWIFT_STANDARD_LIBRARIES = YES;
				DEVELOPMENT_TEAM = AX766J88NA;
				INFOPLIST_FILE = swiftyjsonUITests/Info.plist;
				LD_RUNPATH_SEARCH_PATHS = "$(inherited) @executable_path/Frameworks @loader_path/Frameworks";
				PRODUCT_BUNDLE_IDENTIFIER = kvana.swiftyjsonUITests;
				PRODUCT_NAME = "$(TARGET_NAME)";
				SWIFT_VERSION = 3.0;
				TEST_TARGET_NAME = swiftyjson;
			};
			name = Release;
		};
/* End XCBuildConfiguration section */

/* Begin XCConfigurationList section */
		9BDE30271E310F5500824042 /* Build configuration list for PBXProject "swiftyjson" */ = {
			isa = XCConfigurationList;
			buildConfigurations = (
				9BDE30521E310F5B00824042 /* Debug */,
				9BDE30531E310F5B00824042 /* Release */,
			);
			defaultConfigurationIsVisible = 0;
			defaultConfigurationName = Release;
		};
		9BDE30541E310F5B00824042 /* Build configuration list for PBXNativeTarget "swiftyjson" */ = {
			isa = XCConfigurationList;
			buildConfigurations = (
				9BDE30551E310F5B00824042 /* Debug */,
				9BDE30561E310F5B00824042 /* Release */,
			);
			defaultConfigurationIsVisible = 0;
		};
		9BDE30571E310F5B00824042 /* Build configuration list for PBXNativeTarget "swiftyjsonTests" */ = {
			isa = XCConfigurationList;
			buildConfigurations = (
				9BDE30581E310F5B00824042 /* Debug */,
				9BDE30591E310F5B00824042 /* Release */,
			);
			defaultConfigurationIsVisible = 0;
		};
		9BDE305A1E310F5B00824042 /* Build configuration list for PBXNativeTarget "swiftyjsonUITests" */ = {
			isa = XCConfigurationList;
			buildConfigurations = (
				9BDE305B1E310F5B00824042 /* Debug */,
				9BDE305C1E310F5B00824042 /* Release */,
			);
			defaultConfigurationIsVisible = 0;
		};
/* End XCConfigurationList section */
	};
	rootObject = 9BDE30241E310F5500824042 /* Project object */;
}
